
Microsoft Visual Studio Solution File, Format Version 12.00
# Visual Studio Version 17
VisualStudioVersion = 17.14.36414.22
MinimumVisualStudioVersion = 10.0.40219.1
Project("{FAE04EC0-301F-11D3-BF4B-00C04F79EFBC}") = "StandardResults", "src\StandardResults\StandardResults.csproj", "{D3BAC679-1ABF-4CE4-9760-BA27756B47FB}"
EndProject
Project("{2150E333-8FDC-42A3-9474-1A3956D46DE8}") = "src", "src", "{02EA681E-C7D8-13C7-8484-4AC65E1B71E8}"
EndProject
Project("{2150E333-8FDC-42A3-9474-1A3956D46DE8}") = "tests", "tests", "{F699F973-9E81-4073-805F-636E33F7CDA2}"
EndProject
Project("{FAE04EC0-301F-11D3-BF4B-00C04F79EFBC}") = "StandardResults.UnitTests", "tests\StandardResults.UnitTests\StandardResults.UnitTests.csproj", "{FCF66E7B-944F-46A5-9990-20C93F8CBC84}"
EndProject
Global
	GlobalSection(SolutionConfigurationPlatforms) = preSolution
		Debug|Any CPU = Debug|Any CPU
		Release|Any CPU = Release|Any CPU
	EndGlobalSection
	GlobalSection(ProjectConfigurationPlatforms) = postSolution
		{D3BAC679-1ABF-4CE4-9760-BA27756B47FB}.Debug|Any CPU.ActiveCfg = Debug|Any CPU
		{D3BAC679-1ABF-4CE4-9760-BA27756B47FB}.Debug|Any CPU.Build.0 = Debug|Any CPU
		{D3BAC679-1ABF-4CE4-9760-BA27756B47FB}.Release|Any CPU.ActiveCfg = Release|Any CPU
		{D3BAC679-1ABF-4CE4-9760-BA27756B47FB}.Release|Any CPU.Build.0 = Release|Any CPU
		{FCF66E7B-944F-46A5-9990-20C93F8CBC84}.Debug|Any CPU.ActiveCfg = Debug|Any CPU
		{FCF66E7B-944F-46A5-9990-20C93F8CBC84}.Debug|Any CPU.Build.0 = Debug|Any CPU
		{FCF66E7B-944F-46A5-9990-20C93F8CBC84}.Release|Any CPU.ActiveCfg = Release|Any CPU
		{FCF66E7B-944F-46A5-9990-20C93F8CBC84}.Release|Any CPU.Build.0 = Release|Any CPU
	EndGlobalSection
	GlobalSection(SolutionProperties) = preSolution
		HideSolutionNode = FALSE
	EndGlobalSection
	GlobalSection(NestedProjects) = preSolution
		{D3BAC679-1ABF-4CE4-9760-BA27756B47FB} = {02EA681E-C7D8-13C7-8484-4AC65E1B71E8}
		{FCF66E7B-944F-46A5-9990-20C93F8CBC84} = {F699F973-9E81-4073-805F-636E33F7CDA2}
	EndGlobalSection
	GlobalSection(ExtensibilityGlobals) = postSolution
		SolutionGuid = {6E8F8E9C-E224-4AD9-A52A-FAF5093E2C3A}
	EndGlobalSection
EndGlobal
